
Microsoft Visual Studio Solution File, Format Version 12.00
# Visual Studio Version 17
VisualStudioVersion = 17.8.34511.84
MinimumVisualStudioVersion = 10.0.40219.1
Project("{9A19103F-16F7-4668-BE54-9A1E7A4F7556}") = "WebApi", "WebApi\WebApi.csproj", "{1B26FB62-BC15-4BEE-BE63-D458CA5E5D3D}"
EndProject
Project("{9A19103F-16F7-4668-BE54-9A1E7A4F7556}") = "Business", "Business\Business.csproj", "{CC9291C0-A3A2-45B5-8BC8-8658A0A480ED}"
EndProject
Project("{9A19103F-16F7-4668-BE54-9A1E7A4F7556}") = "DataAccess", "DataAccess\DataAccess.csproj", "{15F6D708-93AA-47BE-A4EF-EF4EA50AE0F5}"
EndProject
Project("{9A19103F-16F7-4668-BE54-9A1E7A4F7556}") = "Entities", "Entities\Entities.csproj", "{5BEE3294-6144-4ED6-90F8-54FC3C5C6025}"
EndProject
Project("{FAE04EC0-301F-11D3-BF4B-00C04F79EFBC}") = "Core", "Core\Core.csproj", "{26BA9958-6652-4B0C-B128-815B25D182D6}"
EndProject
Global
	GlobalSection(SolutionConfigurationPlatforms) = preSolution
		Debug|Any CPU = Debug|Any CPU
		Release|Any CPU = Release|Any CPU
	EndGlobalSection
	GlobalSection(ProjectConfigurationPlatforms) = postSolution
		{1B26FB62-BC15-4BEE-BE63-D458CA5E5D3D}.Debug|Any CPU.ActiveCfg = Debug|Any CPU
		{1B26FB62-BC15-4BEE-BE63-D458CA5E5D3D}.Debug|Any CPU.Build.0 = Debug|Any CPU
		{1B26FB62-BC15-4BEE-BE63-D458CA5E5D3D}.Release|Any CPU.ActiveCfg = Release|Any CPU
		{1B26FB62-BC15-4BEE-BE63-D458CA5E5D3D}.Release|Any CPU.Build.0 = Release|Any CPU
		{CC9291C0-A3A2-45B5-8BC8-8658A0A480ED}.Debug|Any CPU.ActiveCfg = Debug|Any CPU
		{CC9291C0-A3A2-45B5-8BC8-8658A0A480ED}.Debug|Any CPU.Build.0 = Debug|Any CPU
		{CC9291C0-A3A2-45B5-8BC8-8658A0A480ED}.Release|Any CPU.ActiveCfg = Release|Any CPU
		{CC9291C0-A3A2-45B5-8BC8-8658A0A480ED}.Release|Any CPU.Build.0 = Release|Any CPU
		{15F6D708-93AA-47BE-A4EF-EF4EA50AE0F5}.Debug|Any CPU.ActiveCfg = Debug|Any CPU
		{15F6D708-93AA-47BE-A4EF-EF4EA50AE0F5}.Debug|Any CPU.Build.0 = Debug|Any CPU
		{15F6D708-93AA-47BE-A4EF-EF4EA50AE0F5}.Release|Any CPU.ActiveCfg = Release|Any CPU
		{15F6D708-93AA-47BE-A4EF-EF4EA50AE0F5}.Release|Any CPU.Build.0 = Release|Any CPU
		{5BEE3294-6144-4ED6-90F8-54FC3C5C6025}.Debug|Any CPU.ActiveCfg = Debug|Any CPU
		{5BEE3294-6144-4ED6-90F8-54FC3C5C6025}.Debug|Any CPU.Build.0 = Debug|Any CPU
		{5BEE3294-6144-4ED6-90F8-54FC3C5C6025}.Release|Any CPU.ActiveCfg = Release|Any CPU
		{5BEE3294-6144-4ED6-90F8-54FC3C5C6025}.Release|Any CPU.Build.0 = Release|Any CPU
		{26BA9958-6652-4B0C-B128-815B25D182D6}.Debug|Any CPU.ActiveCfg = Debug|Any CPU
		{26BA9958-6652-4B0C-B128-815B25D182D6}.Debug|Any CPU.Build.0 = Debug|Any CPU
		{26BA9958-6652-4B0C-B128-815B25D182D6}.Release|Any CPU.ActiveCfg = Release|Any CPU
		{26BA9958-6652-4B0C-B128-815B25D182D6}.Release|Any CPU.Build.0 = Release|Any CPU
	EndGlobalSection
	GlobalSection(SolutionProperties) = preSolution
		HideSolutionNode = FALSE
	EndGlobalSection
	GlobalSection(ExtensibilityGlobals) = postSolution
		SolutionGuid = {D0A7C260-38A1-4CA6-997A-A6E4E8F27A14}
	EndGlobalSection
EndGlobal
